// !$*UTF8*$!
{
	archiveVersion = 1;
	classes = {
	};
	objectVersion = 46;
	objects = {

/* Begin PBXBuildFile section */
		17B0FCF31D68412000990E62 /* DDPerson.m in Sources */ = {isa = PBXBuildFile; fileRef = 17B0FCF21D68412000990E62 /* DDPerson.m */; };
		17B0FCF51D68439600990E62 /* DetailViewController.swift in Sources */ = {isa = PBXBuildFile; fileRef = 17B0FCF41D68439600990E62 /* DetailViewController.swift */; };
		3F66C8011C07E4C500C971FF /* AppDelegate.swift in Sources */ = {isa = PBXBuildFile; fileRef = 3F66C8001C07E4C500C971FF /* AppDelegate.swift */; };
		3F66C8031C07E4C500C971FF /* ViewController.swift in Sources */ = {isa = PBXBuildFile; fileRef = 3F66C8021C07E4C500C971FF /* ViewController.swift */; };
		3F66C8061C07E4C500C971FF /* Main.storyboard in Resources */ = {isa = PBXBuildFile; fileRef = 3F66C8041C07E4C500C971FF /* Main.storyboard */; };
		3F66C8081C07E4C500C971FF /* Assets.xcassets in Resources */ = {isa = PBXBuildFile; fileRef = 3F66C8071C07E4C500C971FF /* Assets.xcassets */; };
		3F66C80B1C07E4C500C971FF /* LaunchScreen.storyboard in Resources */ = {isa = PBXBuildFile; fileRef = 3F66C8091C07E4C500C971FF /* LaunchScreen.storyboard */; };
		3F66C8161C07E4C500C971FF /* Swift___Tests.swift in Sources */ = {isa = PBXBuildFile; fileRef = 3F66C8151C07E4C500C971FF /* Swift___Tests.swift */; };
		3F66C8211C07E4C500C971FF /* Swift___UITests.swift in Sources */ = {isa = PBXBuildFile; fileRef = 3F66C8201C07E4C500C971FF /* Swift___UITests.swift */; };
		3F66C82F1C07EE2C00C971FF /* AddViewController.swift in Sources */ = {isa = PBXBuildFile; fileRef = 3F66C82E1C07EE2C00C971FF /* AddViewController.swift */; };
		3F66C8311C07F94000C971FF /* addressManager.swift in Sources */ = {isa = PBXBuildFile; fileRef = 3F66C8301C07F94000C971FF /* addressManager.swift */; };
		3F66C8331C07FAEF00C971FF /* AddressModel.swift in Sources */ = {isa = PBXBuildFile; fileRef = 3F66C8321C07FAEF00C971FF /* AddressModel.swift */; };
		3F66C8351C0800B000C971FF /* addressTableViewCell.swift in Sources */ = {isa = PBXBuildFile; fileRef = 3F66C8341C0800B000C971FF /* addressTableViewCell.swift */; };
/* End PBXBuildFile section */

/* Begin PBXContainerItemProxy section */
		3F66C8121C07E4C500C971FF /* PBXContainerItemProxy */ = {
			isa = PBXContainerItemProxy;
			containerPortal = 3F66C7F51C07E4C500C971FF /* Project object */;
			proxyType = 1;
			remoteGlobalIDString = 3F66C7FC1C07E4C500C971FF;
			remoteInfo = "Swift通讯录";
		};
		3F66C81D1C07E4C500C971FF /* PBXContainerItemProxy */ = {
			isa = PBXContainerItemProxy;
			containerPortal = 3F66C7F51C07E4C500C971FF /* Project object */;
			proxyType = 1;
			remoteGlobalIDString = 3F66C7FC1C07E4C500C971FF;
			remoteInfo = "Swift通讯录";
		};
/* End PBXContainerItemProxy section */

/* Begin PBXFileReference section */
		17B0FCF01D68412000990E62 /* Swift通讯录-Bridging-Header.h */ = {isa = PBXFileReference; lastKnownFileType = sourcecode.c.h; path = "Swift通讯录-Bridging-Header.h"; sourceTree = "<group>"; };
		17B0FCF11D68412000990E62 /* DDPerson.h */ = {isa = PBXFileReference; fileEncoding = 4; lastKnownFileType = sourcecode.c.h; path = DDPerson.h; sourceTree = "<group>"; };
		17B0FCF21D68412000990E62 /* DDPerson.m */ = {isa = PBXFileReference; fileEncoding = 4; lastKnownFileType = sourcecode.c.objc; path = DDPerson.m; sourceTree = "<group>"; };
		17B0FCF41D68439600990E62 /* DetailViewController.swift */ = {isa = PBXFileReference; fileEncoding = 4; lastKnownFileType = sourcecode.swift; path = DetailViewController.swift; sourceTree = "<group>"; };
		3F66C7FD1C07E4C500C971FF /* Swift通讯录.app */ = {isa = PBXFileReference; explicitFileType = wrapper.application; includeInIndex = 0; path = "Swift通讯录.app"; sourceTree = BUILT_PRODUCTS_DIR; };
		3F66C8001C07E4C500C971FF /* AppDelegate.swift */ = {isa = PBXFileReference; lastKnownFileType = sourcecode.swift; path = AppDelegate.swift; sourceTree = "<group>"; };
		3F66C8021C07E4C500C971FF /* ViewController.swift */ = {isa = PBXFileReference; lastKnownFileType = sourcecode.swift; path = ViewController.swift; sourceTree = "<group>"; };
		3F66C8051C07E4C500C971FF /* Base */ = {isa = PBXFileReference; lastKnownFileType = file.storyboard; name = Base; path = Base.lproj/Main.storyboard; sourceTree = "<group>"; };
		3F66C8071C07E4C500C971FF /* Assets.xcassets */ = {isa = PBXFileReference; lastKnownFileType = folder.assetcatalog; path = Assets.xcassets; sourceTree = "<group>"; };
		3F66C80A1C07E4C500C971FF /* Base */ = {isa = PBXFileReference; lastKnownFileType = file.storyboard; name = Base; path = Base.lproj/LaunchScreen.storyboard; sourceTree = "<group>"; };
		3F66C80C1C07E4C500C971FF /* Info.plist */ = {isa = PBXFileReference; lastKnownFileType = text.plist.xml; path = Info.plist; sourceTree = "<group>"; };
		3F66C8111C07E4C500C971FF /* Swift通讯录Tests.xctest */ = {isa = PBXFileReference; explicitFileType = wrapper.cfbundle; includeInIndex = 0; path = "Swift通讯录Tests.xctest"; sourceTree = BUILT_PRODUCTS_DIR; };
		3F66C8151C07E4C500C971FF /* Swift___Tests.swift */ = {isa = PBXFileReference; lastKnownFileType = sourcecode.swift; path = "Swift___Tests.swift"; sourceTree = "<group>"; };
		3F66C8171C07E4C500C971FF /* Info.plist */ = {isa = PBXFileReference; lastKnownFileType = text.plist.xml; path = Info.plist; sourceTree = "<group>"; };
		3F66C81C1C07E4C500C971FF /* Swift通讯录UITests.xctest */ = {isa = PBXFileReference; explicitFileType = wrapper.cfbundle; includeInIndex = 0; path = "Swift通讯录UITests.xctest"; sourceTree = BUILT_PRODUCTS_DIR; };
		3F66C8201C07E4C500C971FF /* Swift___UITests.swift */ = {isa = PBXFileReference; lastKnownFileType = sourcecode.swift; path = "Swift___UITests.swift"; sourceTree = "<group>"; };
		3F66C8221C07E4C500C971FF /* Info.plist */ = {isa = PBXFileReference; lastKnownFileType = text.plist.xml; path = Info.plist; sourceTree = "<group>"; };
		3F66C82E1C07EE2C00C971FF /* AddViewController.swift */ = {isa = PBXFileReference; fileEncoding = 4; lastKnownFileType = sourcecode.swift; path = AddViewController.swift; sourceTree = "<group>"; };
		3F66C8301C07F94000C971FF /* addressManager.swift */ = {isa = PBXFileReference; fileEncoding = 4; lastKnownFileType = sourcecode.swift; path = addressManager.swift; sourceTree = "<group>"; };
		3F66C8321C07FAEF00C971FF /* AddressModel.swift */ = {isa = PBXFileReference; fileEncoding = 4; lastKnownFileType = sourcecode.swift; path = AddressModel.swift; sourceTree = "<group>"; };
		3F66C8341C0800B000C971FF /* addressTableViewCell.swift */ = {isa = PBXFileReference; fileEncoding = 4; lastKnownFileType = sourcecode.swift; path = addressTableViewCell.swift; sourceTree = "<group>"; };
/* End PBXFileReference section */

/* Begin PBXFrameworksBuildPhase section */
		3F66C7FA1C07E4C500C971FF /* Frameworks */ = {
			isa = PBXFrameworksBuildPhase;
			buildActionMask = 2147483647;
			files = (
			);
			runOnlyForDeploymentPostprocessing = 0;
		};
		3F66C80E1C07E4C500C971FF /* Frameworks */ = {
			isa = PBXFrameworksBuildPhase;
			buildActionMask = 2147483647;
			files = (
			);
			runOnlyForDeploymentPostprocessing = 0;
		};
		3F66C8191C07E4C500C971FF /* Frameworks */ = {
			isa = PBXFrameworksBuildPhase;
			buildActionMask = 2147483647;
			files = (
			);
			runOnlyForDeploymentPostprocessing = 0;
		};
/* End PBXFrameworksBuildPhase section */

/* Begin PBXGroup section */
		3F66C7F41C07E4C500C971FF = {
			isa = PBXGroup;
			children = (
				3F66C7FF1C07E4C500C971FF /* Swift通讯录 */,
				3F66C8141C07E4C500C971FF /* Swift通讯录Tests */,
				3F66C81F1C07E4C500C971FF /* Swift通讯录UITests */,
				3F66C7FE1C07E4C500C971FF /* Products */,
			);
			sourceTree = "<group>";
		};
		3F66C7FE1C07E4C500C971FF /* Products */ = {
			isa = PBXGroup;
			children = (
				3F66C7FD1C07E4C500C971FF /* Swift通讯录.app */,
				3F66C8111C07E4C500C971FF /* Swift通讯录Tests.xctest */,
				3F66C81C1C07E4C500C971FF /* Swift通讯录UITests.xctest */,
			);
			name = Products;
			sourceTree = "<group>";
		};
		3F66C7FF1C07E4C500C971FF /* Swift通讯录 */ = {
			isa = PBXGroup;
			children = (
				3F66C8001C07E4C500C971FF /* AppDelegate.swift */,
				3F66C8021C07E4C500C971FF /* ViewController.swift */,
				17B0FCF41D68439600990E62 /* DetailViewController.swift */,
				17B0FCF11D68412000990E62 /* DDPerson.h */,
				17B0FCF21D68412000990E62 /* DDPerson.m */,
				3F66C82E1C07EE2C00C971FF /* AddViewController.swift */,
				3F66C8301C07F94000C971FF /* addressManager.swift */,
				3F66C8321C07FAEF00C971FF /* AddressModel.swift */,
				3F66C8341C0800B000C971FF /* addressTableViewCell.swift */,
				3F66C8041C07E4C500C971FF /* Main.storyboard */,
				3F66C8071C07E4C500C971FF /* Assets.xcassets */,
				3F66C8091C07E4C500C971FF /* LaunchScreen.storyboard */,
				3F66C80C1C07E4C500C971FF /* Info.plist */,
				17B0FCF01D68412000990E62 /* Swift通讯录-Bridging-Header.h */,
			);
			path = "Swift通讯录";
			sourceTree = "<group>";
		};
		3F66C8141C07E4C500C971FF /* Swift通讯录Tests */ = {
			isa = PBXGroup;
			children = (
				3F66C8151C07E4C500C971FF /* Swift___Tests.swift */,
				3F66C8171C07E4C500C971FF /* Info.plist */,
			);
			path = "Swift通讯录Tests";
			sourceTree = "<group>";
		};
		3F66C81F1C07E4C500C971FF /* Swift通讯录UITests */ = {
			isa = PBXGroup;
			children = (
				3F66C8201C07E4C500C971FF /* Swift___UITests.swift */,
				3F66C8221C07E4C500C971FF /* Info.plist */,
			);
			path = "Swift通讯录UITests";
			sourceTree = "<group>";
		};
/* End PBXGroup section */

/* Begin PBXNativeTarget section */
		3F66C7FC1C07E4C500C971FF /* Swift通讯录 */ = {
			isa = PBXNativeTarget;
			buildConfigurationList = 3F66C8251C07E4C500C971FF /* Build configuration list for PBXNativeTarget "Swift通讯录" */;
			buildPhases = (
				3F66C7F91C07E4C500C971FF /* Sources */,
				3F66C7FA1C07E4C500C971FF /* Frameworks */,
				3F66C7FB1C07E4C500C971FF /* Resources */,
			);
			buildRules = (
			);
			dependencies = (
			);
			name = "Swift通讯录";
			productName = "Swift通讯录";
			productReference = 3F66C7FD1C07E4C500C971FF /* Swift通讯录.app */;
			productType = "com.apple.product-type.application";
		};
		3F66C8101C07E4C500C971FF /* Swift通讯录Tests */ = {
			isa = PBXNativeTarget;
			buildConfigurationList = 3F66C8281C07E4C500C971FF /* Build configuration list for PBXNativeTarget "Swift通讯录Tests" */;
			buildPhases = (
				3F66C80D1C07E4C500C971FF /* Sources */,
				3F66C80E1C07E4C500C971FF /* Frameworks */,
				3F66C80F1C07E4C500C971FF /* Resources */,
			);
			buildRules = (
			);
			dependencies = (
				3F66C8131C07E4C500C971FF /* PBXTargetDependency */,
			);
			name = "Swift通讯录Tests";
			productName = "Swift通讯录Tests";
			productReference = 3F66C8111C07E4C500C971FF /* Swift通讯录Tests.xctest */;
			productType = "com.apple.product-type.bundle.unit-test";
		};
		3F66C81B1C07E4C500C971FF /* Swift通讯录UITests */ = {
			isa = PBXNativeTarget;
			buildConfigurationList = 3F66C82B1C07E4C500C971FF /* Build configuration list for PBXNativeTarget "Swift通讯录UITests" */;
			buildPhases = (
				3F66C8181C07E4C500C971FF /* Sources */,
				3F66C8191C07E4C500C971FF /* Frameworks */,
				3F66C81A1C07E4C500C971FF /* Resources */,
			);
			buildRules = (
			);
			dependencies = (
				3F66C81E1C07E4C500C971FF /* PBXTargetDependency */,
			);
			name = "Swift通讯录UITests";
			productName = "Swift通讯录UITests";
			productReference = 3F66C81C1C07E4C500C971FF /* Swift通讯录UITests.xctest */;
			productType = "com.apple.product-type.bundle.ui-testing";
		};
/* End PBXNativeTarget section */

/* Begin PBXProject section */
		3F66C7F51C07E4C500C971FF /* Project object */ = {
			isa = PBXProject;
			attributes = {
				LastSwiftUpdateCheck = 0730;
				LastUpgradeCheck = 0710;
				ORGANIZATIONNAME = lmd;
				TargetAttributes = {
					3F66C7FC1C07E4C500C971FF = {
						CreatedOnToolsVersion = 7.1;
						DevelopmentTeam = 2MDNQK6969;
						LastSwiftMigration = 0810;
					};
					3F66C8101C07E4C500C971FF = {
						CreatedOnToolsVersion = 7.1;
						DevelopmentTeam = 2MDNQK6969;
						LastSwiftMigration = 0810;
						TestTargetID = 3F66C7FC1C07E4C500C971FF;
					};
					3F66C81B1C07E4C500C971FF = {
						CreatedOnToolsVersion = 7.1;
						DevelopmentTeam = 2MDNQK6969;
						LastSwiftMigration = 0810;
						TestTargetID = 3F66C7FC1C07E4C500C971FF;
					};
				};
			};
			buildConfigurationList = 3F66C7F81C07E4C500C971FF /* Build configuration list for PBXProject "Swift通讯录" */;
			compatibilityVersion = "Xcode 3.2";
			developmentRegion = English;
			hasScannedForEncodings = 0;
			knownRegions = (
				en,
				Base,
			);
			mainGroup = 3F66C7F41C07E4C500C971FF;
			productRefGroup = 3F66C7FE1C07E4C500C971FF /* Products */;
			projectDirPath = "";
			projectRoot = "";
			targets = (
				3F66C7FC1C07E4C500C971FF /* Swift通讯录 */,
				3F66C8101C07E4C500C971FF /* Swift通讯录Tests */,
				3F66C81B1C07E4C500C971FF /* Swift通讯录UITests */,
			);
		};
/* End PBXProject section */

/* Begin PBXResourcesBuildPhase section */
		3F66C7FB1C07E4C500C971FF /* Resources */ = {
			isa = PBXResourcesBuildPhase;
			buildActionMask = 2147483647;
			files = (
				3F66C80B1C07E4C500C971FF /* LaunchScreen.storyboard in Resources */,
				3F66C8081C07E4C500C971FF /* Assets.xcassets in Resources */,
				3F66C8061C07E4C500C971FF /* Main.storyboard in Resources */,
			);
			runOnlyForDeploymentPostprocessing = 0;
		};
		3F66C80F1C07E4C500C971FF /* Resources */ = {
			isa = PBXResourcesBuildPhase;
			buildActionMask = 2147483647;
			files = (
			);
			runOnlyForDeploymentPostprocessing = 0;
		};
		3F66C81A1C07E4C500C971FF /* Resources */ = {
			isa = PBXResourcesBuildPhase;
			buildActionMask = 2147483647;
			files = (
			);
			runOnlyForDeploymentPostprocessing = 0;
		};
/* End PBXResourcesBuildPhase section */

/* Begin PBXSourcesBuildPhase section */
		3F66C7F91C07E4C500C971FF /* Sources */ = {
			isa = PBXSourcesBuildPhase;
			buildActionMask = 2147483647;
			files = (
				3F66C8311C07F94000C971FF /* addressManager.swift in Sources */,
				3F66C8031C07E4C500C971FF /* ViewController.swift in Sources */,
				3F66C8351C0800B000C971FF /* addressTableViewCell.swift in Sources */,
				3F66C8011C07E4C500C971FF /* AppDelegate.swift in Sources */,
				3F66C82F1C07EE2C00C971FF /* AddViewController.swift in Sources */,
				3F66C8331C07FAEF00C971FF /* AddressModel.swift in Sources */,
				17B0FCF31D68412000990E62 /* DDPerson.m in Sources */,
				17B0FCF51D68439600990E62 /* DetailViewController.swift in Sources */,
			);
			runOnlyForDeploymentPostprocessing = 0;
		};
		3F66C80D1C07E4C500C971FF /* Sources */ = {
			isa = PBXSourcesBuildPhase;
			buildActionMask = 2147483647;
			files = (
				3F66C8161C07E4C500C971FF /* Swift___Tests.swift in Sources */,
			);
			runOnlyForDeploymentPostprocessing = 0;
		};
		3F66C8181C07E4C500C971FF /* Sources */ = {
			isa = PBXSourcesBuildPhase;
			buildActionMask = 2147483647;
			files = (
				3F66C8211C07E4C500C971FF /* Swift___UITests.swift in Sources */,
			);
			runOnlyForDeploymentPostprocessing = 0;
		};
/* End PBXSourcesBuildPhase section */

/* Begin PBXTargetDependency section */
		3F66C8131C07E4C500C971FF /* PBXTargetDependency */ = {
			isa = PBXTargetDependency;
			target = 3F66C7FC1C07E4C500C971FF /* Swift通讯录 */;
			targetProxy = 3F66C8121C07E4C500C971FF /* PBXContainerItemProxy */;
		};
		3F66C81E1C07E4C500C971FF /* PBXTargetDependency */ = {
			isa = PBXTargetDependency;
			target = 3F66C7FC1C07E4C500C971FF /* Swift通讯录 */;
			targetProxy = 3F66C81D1C07E4C500C971FF /* PBXContainerItemProxy */;
		};
/* End PBXTargetDependency section */

/* Begin PBXVariantGroup section */
		3F66C8041C07E4C500C971FF /* Main.storyboard */ = {
			isa = PBXVariantGroup;
			children = (
				3F66C8051C07E4C500C971FF /* Base */,
			);
			name = Main.storyboard;
			sourceTree = "<group>";
		};
		3F66C8091C07E4C500C971FF /* LaunchScreen.storyboard */ = {
			isa = PBXVariantGroup;
			children = (
				3F66C80A1C07E4C500C971FF /* Base */,
			);
			name = LaunchScreen.storyboard;
			sourceTree = "<group>";
		};
/* End PBXVariantGroup section */

/* Begin XCBuildConfiguration section */
		3F66C8231C07E4C500C971FF /* Debug */ = {
			isa = XCBuildConfiguration;
			buildSettings = {
				ALWAYS_SEARCH_USER_PATHS = NO;
				CLANG_CXX_LANGUAGE_STANDARD = "gnu++0x";
				CLANG_CXX_LIBRARY = "libc++";
				CLANG_ENABLE_MODULES = YES;
				CLANG_ENABLE_OBJC_ARC = YES;
				CLANG_WARN_BOOL_CONVERSION = YES;
				CLANG_WARN_CONSTANT_CONVERSION = YES;
				CLANG_WARN_DIRECT_OBJC_ISA_USAGE = YES_ERROR;
				CLANG_WARN_EMPTY_BODY = YES;
				CLANG_WARN_ENUM_CONVERSION = YES;
				CLANG_WARN_INT_CONVERSION = YES;
				CLANG_WARN_OBJC_ROOT_CLASS = YES_ERROR;
				CLANG_WARN_UNREACHABLE_CODE = YES;
				CLANG_WARN__DUPLICATE_METHOD_MATCH = YES;
				"CODE_SIGN_IDENTITY[sdk=iphoneos*]" = "iPhone Developer";
				COPY_PHASE_STRIP = NO;
				DEBUG_INFORMATION_FORMAT = dwarf;
				ENABLE_STRICT_OBJC_MSGSEND = YES;
				ENABLE_TESTABILITY = YES;
				GCC_C_LANGUAGE_STANDARD = gnu99;
				GCC_DYNAMIC_NO_PIC = NO;
				GCC_NO_COMMON_BLOCKS = YES;
				GCC_OPTIMIZATION_LEVEL = 0;
				GCC_PREPROCESSOR_DEFINITIONS = (
					"DEBUG=1",
					"$(inherited)",
				);
				GCC_WARN_64_TO_32_BIT_CONVERSION = YES;
				GCC_WARN_ABOUT_RETURN_TYPE = YES_ERROR;
				GCC_WARN_UNDECLARED_SELECTOR = YES;
				GCC_WARN_UNINITIALIZED_AUTOS = YES_AGGRESSIVE;
				GCC_WARN_UNUSED_FUNCTION = YES;
				GCC_WARN_UNUSED_VARIABLE = YES;
				IPHONEOS_DEPLOYMENT_TARGET = 9.1;
				MTL_ENABLE_DEBUG_INFO = YES;
				ONLY_ACTIVE_ARCH = YES;
				SDKROOT = iphoneos;
				SWIFT_OPTIMIZATION_LEVEL = "-Onone";
				TARGETED_DEVICE_FAMILY = "1,2";
			};
			name = Debug;
		};
		3F66C8241C07E4C500C971FF /* Release */ = {
			isa = XCBuildConfiguration;
			buildSettings = {
				ALWAYS_SEARCH_USER_PATHS = NO;
				CLANG_CXX_LANGUAGE_STANDARD = "gnu++0x";
				CLANG_CXX_LIBRARY = "libc++";
				CLANG_ENABLE_MODULES = YES;
				CLANG_ENABLE_OBJC_ARC = YES;
				CLANG_WARN_BOOL_CONVERSION = YES;
				CLANG_WARN_CONSTANT_CONVERSION = YES;
				CLANG_WARN_DIRECT_OBJC_ISA_USAGE = YES_ERROR;
				CLANG_WARN_EMPTY_BODY = YES;
				CLANG_WARN_ENUM_CONVERSION = YES;
				CLANG_WARN_INT_CONVERSION = YES;
				CLANG_WARN_OBJC_ROOT_CLASS = YES_ERROR;
				CLANG_WARN_UNREACHABLE_CODE = YES;
				CLANG_WARN__DUPLICATE_METHOD_MATCH = YES;
				"CODE_SIGN_IDENTITY[sdk=iphoneos*]" = "iPhone Developer";
				COPY_PHASE_STRIP = NO;
				DEBUG_INFORMATION_FORMAT = "dwarf-with-dsym";
				ENABLE_NS_ASSERTIONS = NO;
				ENABLE_STRICT_OBJC_MSGSEND = YES;
				GCC_C_LANGUAGE_STANDARD = gnu99;
				GCC_NO_COMMON_BLOCKS = YES;
				GCC_WARN_64_TO_32_BIT_CONVERSION = YES;
				GCC_WARN_ABOUT_RETURN_TYPE = YES_ERROR;
				GCC_WARN_UNDECLARED_SELECTOR = YES;
				GCC_WARN_UNINITIALIZED_AUTOS = YES_AGGRESSIVE;
				GCC_WARN_UNUSED_FUNCTION = YES;
				GCC_WARN_UNUSED_VARIABLE = YES;
				IPHONEOS_DEPLOYMENT_TARGET = 9.1;
				MTL_ENABLE_DEBUG_INFO = NO;
				SDKROOT = iphoneos;
				TARGETED_DEVICE_FAMILY = "1,2";
				VALIDATE_PRODUCT = YES;
			};
			name = Release;
		};
		3F66C8261C07E4C500C971FF /* Debug */ = {
			isa = XCBuildConfiguration;
			buildSettings = {
				ASSETCATALOG_COMPILER_APPICON_NAME = AppIcon;
				CLANG_ENABLE_MODULES = YES;
				DEFINES_MODULE = YES;
				INFOPLIST_FILE = "Swift通讯录/Info.plist";
				LD_RUNPATH_SEARCH_PATHS = "$(inherited) @executable_path/Frameworks";
				PRODUCT_BUNDLE_IDENTIFIER = "com.lanou3g.Swift---";
				PRODUCT_NAME = "$(TARGET_NAME)";
				SWIFT_OBJC_BRIDGING_HEADER = "Swift通讯录/Swift通讯录-Bridging-Header.h";
				SWIFT_OPTIMIZATION_LEVEL = "-Onone";
				SWIFT_VERSION = 3.0;
			};
			name = Debug;
		};
		3F66C8271C07E4C500C971FF /* Release */ = {
			isa = XCBuildConfiguration;
			buildSettings = {
				ASSETCATALOG_COMPILER_APPICON_NAME = AppIcon;
				CLANG_ENABLE_MODULES = YES;
				DEFINES_MODULE = YES;
				INFOPLIST_FILE = "Swift通讯录/Info.plist";
				LD_RUNPATH_SEARCH_PATHS = "$(inherited) @executable_path/Frameworks";
				PRODUCT_BUNDLE_IDENTIFIER = "com.lanou3g.Swift---";
				PRODUCT_NAME = "$(TARGET_NAME)";
				SWIFT_OBJC_BRIDGING_HEADER = "Swift通讯录/Swift通讯录-Bridging-Header.h";
				SWIFT_VERSION = 3.0;
			};
			name = Release;
		};
		3F66C8291C07E4C500C971FF /* Debug */ = {
			isa = XCBuildConfiguration;
			buildSettings = {
				BUNDLE_LOADER = "$(TEST_HOST)";
				INFOPLIST_FILE = "Swift通讯录Tests/Info.plist";
				LD_RUNPATH_SEARCH_PATHS = "$(inherited) @executable_path/Frameworks @loader_path/Frameworks";
				PRODUCT_BUNDLE_IDENTIFIER = "com.lanou3g.Swift---Tests";
				PRODUCT_NAME = "$(TARGET_NAME)";
				SWIFT_VERSION = 3.0;
				TEST_HOST = "$(BUILT_PRODUCTS_DIR)/Swift通讯录.app/Swift通讯录";
			};
			name = Debug;
		};
		3F66C82A1C07E4C500C971FF /* Release */ = {
			isa = XCBuildConfiguration;
			buildSettings = {
				BUNDLE_LOADER = "$(TEST_HOST)";
				INFOPLIST_FILE = "Swift通讯录Tests/Info.plist";
				LD_RUNPATH_SEARCH_PATHS = "$(inherited) @executable_path/Frameworks @loader_path/Frameworks";
				PRODUCT_BUNDLE_IDENTIFIER = "com.lanou3g.Swift---Tests";
				PRODUCT_NAME = "$(TARGET_NAME)";
				SWIFT_VERSION = 3.0;
				TEST_HOST = "$(BUILT_PRODUCTS_DIR)/Swift通讯录.app/Swift通讯录";
			};
			name = Release;
		};
		3F66C82C1C07E4C500C971FF /* Debug */ = {
			isa = XCBuildConfiguration;
			buildSettings = {
				INFOPLIST_FILE = "Swift通讯录UITests/Info.plist";
				LD_RUNPATH_SEARCH_PATHS = "$(inherited) @executable_path/Frameworks @loader_path/Frameworks";
				PRODUCT_BUNDLE_IDENTIFIER = "com.lanou3g.Swift---UITests";
				PRODUCT_NAME = "$(TARGET_NAME)";
				SWIFT_VERSION = 3.0;
				TEST_TARGET_NAME = "Swift通讯录";
				USES_XCTRUNNER = YES;
			};
			name = Debug;
		};
		3F66C82D1C07E4C500C971FF /* Release */ = {
			isa = XCBuildConfiguration;
			buildSettings = {
				INFOPLIST_FILE = "Swift通讯录UITests/Info.plist";
				LD_RUNPATH_SEARCH_PATHS = "$(inherited) @executable_path/Frameworks @loader_path/Frameworks";
				PRODUCT_BUNDLE_IDENTIFIER = "com.lanou3g.Swift---UITests";
				PRODUCT_NAME = "$(TARGET_NAME)";
				SWIFT_VERSION = 3.0;
				TEST_TARGET_NAME = "Swift通讯录";
				USES_XCTRUNNER = YES;
			};
			name = Release;
		};
/* End XCBuildConfiguration section */

/* Begin XCConfigurationList section */
		3F66C7F81C07E4C500C971FF /* Build configuration list for PBXProject "Swift通讯录" */ = {
			isa = XCConfigurationList;
			buildConfigurations = (
				3F66C8231C07E4C500C971FF /* Debug */,
				3F66C8241C07E4C500C971FF /* Release */,
			);
			defaultConfigurationIsVisible = 0;
			defaultConfigurationName = Release;
		};
		3F66C8251C07E4C500C971FF /* Build configuration list for PBXNativeTarget "Swift通讯录" */ = {
			isa = XCConfigurationList;
			buildConfigurations = (
				3F66C8261C07E4C500C971FF /* Debug */,
				3F66C8271C07E4C500C971FF /* Release */,
			);
			defaultConfigurationIsVisible = 0;
			defaultConfigurationName = Release;
		};
		3F66C8281C07E4C500C971FF /* Build configuration list for PBXNativeTarget "Swift通讯录Tests" */ = {
			isa = XCConfigurationList;
			buildConfigurations = (
				3F66C8291C07E4C500C971FF /* Debug */,
				3F66C82A1C07E4C500C971FF /* Release */,
			);
			defaultConfigurationIsVisible = 0;
			defaultConfigurationName = Release;
		};
		3F66C82B1C07E4C500C971FF /* Build configuration list for PBXNativeTarget "Swift通讯录UITests" */ = {
			isa = XCConfigurationList;
			buildConfigurations = (
				3F66C82C1C07E4C500C971FF /* Debug */,
				3F66C82D1C07E4C500C971FF /* Release */,
			);
			defaultConfigurationIsVisible = 0;
			defaultConfigurationName = Release;
		};
/* End XCConfigurationList section */
	};
	rootObject = 3F66C7F51C07E4C500C971FF /* Project object */;
}
